
Microsoft Visual Studio Solution File, Format Version 12.00
# Visual Studio 15
VisualStudioVersion = 15.0.27703.2000
MinimumVisualStudioVersion = 10.0.40219.1
Project("{9A19103F-16F7-4668-BE54-9A1E7A4F7556}") = "Trezor.Net", "Trezor.Net\Trezor.Net.csproj", "{DDA97F34-2E5E-481C-83DD-EE58E9E6AAF0}"
EndProject
Global
	GlobalSection(SolutionConfigurationPlatforms) = preSolution
		Debug|Any CPU = Debug|Any CPU
		Release|Any CPU = Release|Any CPU
	EndGlobalSection
	GlobalSection(ProjectConfigurationPlatforms) = postSolution
		{DDA97F34-2E5E-481C-83DD-EE58E9E6AAF0}.Debug|Any CPU.ActiveCfg = Debug|Any CPU
		{DDA97F34-2E5E-481C-83DD-EE58E9E6AAF0}.Debug|Any CPU.Build.0 = Debug|Any CPU
		{DDA97F34-2E5E-481C-83DD-EE58E9E6AAF0}.Release|Any CPU.ActiveCfg = Release|Any CPU
		{DDA97F34-2E5E-481C-83DD-EE58E9E6AAF0}.Release|Any CPU.Build.0 = Release|Any CPU
	EndGlobalSection
	GlobalSection(SolutionProperties) = preSolution
		HideSolutionNode = FALSE
	EndGlobalSection
	GlobalSection(ExtensibilityGlobals) = postSolution
		SolutionGuid = {D605A6C2-E74E-4269-B5FA-67983B385B47}
	EndGlobalSection
EndGlobal
