
Microsoft Visual Studio Solution File, Format Version 12.00
# Visual Studio 15
VisualStudioVersion = 15.0.27703.2000
MinimumVisualStudioVersion = 10.0.40219.1
Project("{9A19103F-16F7-4668-BE54-9A1E7A4F7556}") = "Trezor.Net", "Trezor.Net\Trezor.Net.csproj", "{DDA97F34-2E5E-481C-83DD-EE58E9E6AAF0}"
EndProject
Project("{9A19103F-16F7-4668-BE54-9A1E7A4F7556}") = "Trezor.Net.Sample", "Trezor.Net.Sample\Trezor.Net.Sample.csproj", "{488A29B9-D291-4733-BDBE-9FD1EE26B4E5}"
EndProject
Project("{FAE04EC0-301F-11D3-BF4B-00C04F79EFBC}") = "Trezor.Net.UWPUnitTest", "Trezor.Net.UWPUnitTest\Trezor.Net.UWPUnitTest.csproj", "{97924306-CC9E-4D40-B121-1040ECE2347E}"
EndProject
Project("{FAE04EC0-301F-11D3-BF4B-00C04F79EFBC}") = "Trezor.Net.UnitTest", "Trezor.Net.UnitTest\Trezor.Net.UnitTest.csproj", "{2397AD63-6E69-4FAB-BDD2-0B6C353C8B22}"
EndProject
Project("{2150E333-8FDC-42A3-9474-1A3956D46DE8}") = "UnitTests", "UnitTests", "{0DB57113-50C2-4F8A-9308-0B7DE396803E}"
EndProject
Project("{2150E333-8FDC-42A3-9474-1A3956D46DE8}") = "Samples", "Samples", "{C9E229B9-52B5-43AA-A6CE-211A9DD2434B}"
EndProject
Project("{FAE04EC0-301F-11D3-BF4B-00C04F79EFBC}") = "Trezor.Net.XamarinFormsSample.Android", "Trezor.Net.XamarinFormsSample\XFAS\Trezor.Net.XamarinFormsSample.Android.csproj", "{4FCAC043-E704-4AED-A371-077E50A67DA4}"
EndProject
Project("{FAE04EC0-301F-11D3-BF4B-00C04F79EFBC}") = "Trezor.Net.XamarinFormsSample.UWP", "Trezor.Net.XamarinFormsSample\Trezor.Net.XamarinFormsSample.UWP\Trezor.Net.XamarinFormsSample.UWP.csproj", "{E228A094-964E-4CB1-9A35-4B52C20FEEA2}"
EndProject
Project("{9A19103F-16F7-4668-BE54-9A1E7A4F7556}") = "Trezor.Net.XamarinFormsSample", "Trezor.Net.XamarinFormsSample\Trezor.Net.XamarinFormsSample\Trezor.Net.XamarinFormsSample.csproj", "{6346BA17-991E-4682-9C70-34A2B65B73CA}"
EndProject
Project("{FAE04EC0-301F-11D3-BF4B-00C04F79EFBC}") = "TrezorCoinInfoGenerator", "TrezorCoinInfoGenerator\TrezorCoinInfoGenerator.csproj", "{3244B22F-022F-4B3A-8F17-FC0526FA2330}"
EndProject
Global
	GlobalSection(SolutionConfigurationPlatforms) = preSolution
		Ad-Hoc|Any CPU = Ad-Hoc|Any CPU
		Ad-Hoc|ARM = Ad-Hoc|ARM
		Ad-Hoc|iPhone = Ad-Hoc|iPhone
		Ad-Hoc|iPhoneSimulator = Ad-Hoc|iPhoneSimulator
		Ad-Hoc|x64 = Ad-Hoc|x64
		Ad-Hoc|x86 = Ad-Hoc|x86
		AppStore|Any CPU = AppStore|Any CPU
		AppStore|ARM = AppStore|ARM
		AppStore|iPhone = AppStore|iPhone
		AppStore|iPhoneSimulator = AppStore|iPhoneSimulator
		AppStore|x64 = AppStore|x64
		AppStore|x86 = AppStore|x86
		Debug|Any CPU = Debug|Any CPU
		Debug|ARM = Debug|ARM
		Debug|iPhone = Debug|iPhone
		Debug|iPhoneSimulator = Debug|iPhoneSimulator
		Debug|x64 = Debug|x64
		Debug|x86 = Debug|x86
		Release|Any CPU = Release|Any CPU
		Release|ARM = Release|ARM
		Release|iPhone = Release|iPhone
		Release|iPhoneSimulator = Release|iPhoneSimulator
		Release|x64 = Release|x64
		Release|x86 = Release|x86
	EndGlobalSection
	GlobalSection(ProjectConfigurationPlatforms) = postSolution
		{DDA97F34-2E5E-481C-83DD-EE58E9E6AAF0}.Ad-Hoc|Any CPU.ActiveCfg = Release|Any CPU
		{DDA97F34-2E5E-481C-83DD-EE58E9E6AAF0}.Ad-Hoc|Any CPU.Build.0 = Release|Any CPU
		{DDA97F34-2E5E-481C-83DD-EE58E9E6AAF0}.Ad-Hoc|ARM.ActiveCfg = Release|Any CPU
		{DDA97F34-2E5E-481C-83DD-EE58E9E6AAF0}.Ad-Hoc|ARM.Build.0 = Release|Any CPU
		{DDA97F34-2E5E-481C-83DD-EE58E9E6AAF0}.Ad-Hoc|iPhone.ActiveCfg = Release|Any CPU
		{DDA97F34-2E5E-481C-83DD-EE58E9E6AAF0}.Ad-Hoc|iPhone.Build.0 = Release|Any CPU
		{DDA97F34-2E5E-481C-83DD-EE58E9E6AAF0}.Ad-Hoc|iPhoneSimulator.ActiveCfg = Release|Any CPU
		{DDA97F34-2E5E-481C-83DD-EE58E9E6AAF0}.Ad-Hoc|iPhoneSimulator.Build.0 = Release|Any CPU
		{DDA97F34-2E5E-481C-83DD-EE58E9E6AAF0}.Ad-Hoc|x64.ActiveCfg = Release|Any CPU
		{DDA97F34-2E5E-481C-83DD-EE58E9E6AAF0}.Ad-Hoc|x64.Build.0 = Release|Any CPU
		{DDA97F34-2E5E-481C-83DD-EE58E9E6AAF0}.Ad-Hoc|x86.ActiveCfg = Release|Any CPU
		{DDA97F34-2E5E-481C-83DD-EE58E9E6AAF0}.Ad-Hoc|x86.Build.0 = Release|Any CPU
		{DDA97F34-2E5E-481C-83DD-EE58E9E6AAF0}.AppStore|Any CPU.ActiveCfg = Release|Any CPU
		{DDA97F34-2E5E-481C-83DD-EE58E9E6AAF0}.AppStore|Any CPU.Build.0 = Release|Any CPU
		{DDA97F34-2E5E-481C-83DD-EE58E9E6AAF0}.AppStore|ARM.ActiveCfg = Release|Any CPU
		{DDA97F34-2E5E-481C-83DD-EE58E9E6AAF0}.AppStore|ARM.Build.0 = Release|Any CPU
		{DDA97F34-2E5E-481C-83DD-EE58E9E6AAF0}.AppStore|iPhone.ActiveCfg = Release|Any CPU
		{DDA97F34-2E5E-481C-83DD-EE58E9E6AAF0}.AppStore|iPhone.Build.0 = Release|Any CPU
		{DDA97F34-2E5E-481C-83DD-EE58E9E6AAF0}.AppStore|iPhoneSimulator.ActiveCfg = Release|Any CPU
		{DDA97F34-2E5E-481C-83DD-EE58E9E6AAF0}.AppStore|iPhoneSimulator.Build.0 = Release|Any CPU
		{DDA97F34-2E5E-481C-83DD-EE58E9E6AAF0}.AppStore|x64.ActiveCfg = Release|Any CPU
		{DDA97F34-2E5E-481C-83DD-EE58E9E6AAF0}.AppStore|x64.Build.0 = Release|Any CPU
		{DDA97F34-2E5E-481C-83DD-EE58E9E6AAF0}.AppStore|x86.ActiveCfg = Release|Any CPU
		{DDA97F34-2E5E-481C-83DD-EE58E9E6AAF0}.AppStore|x86.Build.0 = Release|Any CPU
		{DDA97F34-2E5E-481C-83DD-EE58E9E6AAF0}.Debug|Any CPU.ActiveCfg = Debug|Any CPU
		{DDA97F34-2E5E-481C-83DD-EE58E9E6AAF0}.Debug|Any CPU.Build.0 = Debug|Any CPU
		{DDA97F34-2E5E-481C-83DD-EE58E9E6AAF0}.Debug|ARM.ActiveCfg = Debug|Any CPU
		{DDA97F34-2E5E-481C-83DD-EE58E9E6AAF0}.Debug|ARM.Build.0 = Debug|Any CPU
		{DDA97F34-2E5E-481C-83DD-EE58E9E6AAF0}.Debug|iPhone.ActiveCfg = Debug|Any CPU
		{DDA97F34-2E5E-481C-83DD-EE58E9E6AAF0}.Debug|iPhone.Build.0 = Debug|Any CPU
		{DDA97F34-2E5E-481C-83DD-EE58E9E6AAF0}.Debug|iPhoneSimulator.ActiveCfg = Debug|Any CPU
		{DDA97F34-2E5E-481C-83DD-EE58E9E6AAF0}.Debug|iPhoneSimulator.Build.0 = Debug|Any CPU
		{DDA97F34-2E5E-481C-83DD-EE58E9E6AAF0}.Debug|x64.ActiveCfg = Debug|Any CPU
		{DDA97F34-2E5E-481C-83DD-EE58E9E6AAF0}.Debug|x64.Build.0 = Debug|Any CPU
		{DDA97F34-2E5E-481C-83DD-EE58E9E6AAF0}.Debug|x86.ActiveCfg = Debug|Any CPU
		{DDA97F34-2E5E-481C-83DD-EE58E9E6AAF0}.Debug|x86.Build.0 = Debug|Any CPU
		{DDA97F34-2E5E-481C-83DD-EE58E9E6AAF0}.Release|Any CPU.ActiveCfg = Release|Any CPU
		{DDA97F34-2E5E-481C-83DD-EE58E9E6AAF0}.Release|Any CPU.Build.0 = Release|Any CPU
		{DDA97F34-2E5E-481C-83DD-EE58E9E6AAF0}.Release|ARM.ActiveCfg = Release|Any CPU
		{DDA97F34-2E5E-481C-83DD-EE58E9E6AAF0}.Release|ARM.Build.0 = Release|Any CPU
		{DDA97F34-2E5E-481C-83DD-EE58E9E6AAF0}.Release|iPhone.ActiveCfg = Release|Any CPU
		{DDA97F34-2E5E-481C-83DD-EE58E9E6AAF0}.Release|iPhone.Build.0 = Release|Any CPU
		{DDA97F34-2E5E-481C-83DD-EE58E9E6AAF0}.Release|iPhoneSimulator.ActiveCfg = Release|Any CPU
		{DDA97F34-2E5E-481C-83DD-EE58E9E6AAF0}.Release|iPhoneSimulator.Build.0 = Release|Any CPU
		{DDA97F34-2E5E-481C-83DD-EE58E9E6AAF0}.Release|x64.ActiveCfg = Release|Any CPU
		{DDA97F34-2E5E-481C-83DD-EE58E9E6AAF0}.Release|x64.Build.0 = Release|Any CPU
		{DDA97F34-2E5E-481C-83DD-EE58E9E6AAF0}.Release|x86.ActiveCfg = Release|Any CPU
		{DDA97F34-2E5E-481C-83DD-EE58E9E6AAF0}.Release|x86.Build.0 = Release|Any CPU
		{488A29B9-D291-4733-BDBE-9FD1EE26B4E5}.Ad-Hoc|Any CPU.ActiveCfg = Release|Any CPU
		{488A29B9-D291-4733-BDBE-9FD1EE26B4E5}.Ad-Hoc|Any CPU.Build.0 = Release|Any CPU
		{488A29B9-D291-4733-BDBE-9FD1EE26B4E5}.Ad-Hoc|ARM.ActiveCfg = Release|Any CPU
		{488A29B9-D291-4733-BDBE-9FD1EE26B4E5}.Ad-Hoc|ARM.Build.0 = Release|Any CPU
		{488A29B9-D291-4733-BDBE-9FD1EE26B4E5}.Ad-Hoc|iPhone.ActiveCfg = Release|Any CPU
		{488A29B9-D291-4733-BDBE-9FD1EE26B4E5}.Ad-Hoc|iPhone.Build.0 = Release|Any CPU
		{488A29B9-D291-4733-BDBE-9FD1EE26B4E5}.Ad-Hoc|iPhoneSimulator.ActiveCfg = Release|Any CPU
		{488A29B9-D291-4733-BDBE-9FD1EE26B4E5}.Ad-Hoc|iPhoneSimulator.Build.0 = Release|Any CPU
		{488A29B9-D291-4733-BDBE-9FD1EE26B4E5}.Ad-Hoc|x64.ActiveCfg = Release|Any CPU
		{488A29B9-D291-4733-BDBE-9FD1EE26B4E5}.Ad-Hoc|x64.Build.0 = Release|Any CPU
		{488A29B9-D291-4733-BDBE-9FD1EE26B4E5}.Ad-Hoc|x86.ActiveCfg = Release|Any CPU
		{488A29B9-D291-4733-BDBE-9FD1EE26B4E5}.Ad-Hoc|x86.Build.0 = Release|Any CPU
		{488A29B9-D291-4733-BDBE-9FD1EE26B4E5}.AppStore|Any CPU.ActiveCfg = Release|Any CPU
		{488A29B9-D291-4733-BDBE-9FD1EE26B4E5}.AppStore|Any CPU.Build.0 = Release|Any CPU
		{488A29B9-D291-4733-BDBE-9FD1EE26B4E5}.AppStore|ARM.ActiveCfg = Release|Any CPU
		{488A29B9-D291-4733-BDBE-9FD1EE26B4E5}.AppStore|ARM.Build.0 = Release|Any CPU
		{488A29B9-D291-4733-BDBE-9FD1EE26B4E5}.AppStore|iPhone.ActiveCfg = Release|Any CPU
		{488A29B9-D291-4733-BDBE-9FD1EE26B4E5}.AppStore|iPhone.Build.0 = Release|Any CPU
		{488A29B9-D291-4733-BDBE-9FD1EE26B4E5}.AppStore|iPhoneSimulator.ActiveCfg = Release|Any CPU
		{488A29B9-D291-4733-BDBE-9FD1EE26B4E5}.AppStore|iPhoneSimulator.Build.0 = Release|Any CPU
		{488A29B9-D291-4733-BDBE-9FD1EE26B4E5}.AppStore|x64.ActiveCfg = Release|Any CPU
		{488A29B9-D291-4733-BDBE-9FD1EE26B4E5}.AppStore|x64.Build.0 = Release|Any CPU
		{488A29B9-D291-4733-BDBE-9FD1EE26B4E5}.AppStore|x86.ActiveCfg = Release|Any CPU
		{488A29B9-D291-4733-BDBE-9FD1EE26B4E5}.AppStore|x86.Build.0 = Release|Any CPU
		{488A29B9-D291-4733-BDBE-9FD1EE26B4E5}.Debug|Any CPU.ActiveCfg = Debug|Any CPU
		{488A29B9-D291-4733-BDBE-9FD1EE26B4E5}.Debug|Any CPU.Build.0 = Debug|Any CPU
		{488A29B9-D291-4733-BDBE-9FD1EE26B4E5}.Debug|ARM.ActiveCfg = Debug|Any CPU
		{488A29B9-D291-4733-BDBE-9FD1EE26B4E5}.Debug|ARM.Build.0 = Debug|Any CPU
		{488A29B9-D291-4733-BDBE-9FD1EE26B4E5}.Debug|iPhone.ActiveCfg = Debug|Any CPU
		{488A29B9-D291-4733-BDBE-9FD1EE26B4E5}.Debug|iPhone.Build.0 = Debug|Any CPU
		{488A29B9-D291-4733-BDBE-9FD1EE26B4E5}.Debug|iPhoneSimulator.ActiveCfg = Debug|Any CPU
		{488A29B9-D291-4733-BDBE-9FD1EE26B4E5}.Debug|iPhoneSimulator.Build.0 = Debug|Any CPU
		{488A29B9-D291-4733-BDBE-9FD1EE26B4E5}.Debug|x64.ActiveCfg = Debug|Any CPU
		{488A29B9-D291-4733-BDBE-9FD1EE26B4E5}.Debug|x64.Build.0 = Debug|Any CPU
		{488A29B9-D291-4733-BDBE-9FD1EE26B4E5}.Debug|x86.ActiveCfg = Debug|Any CPU
		{488A29B9-D291-4733-BDBE-9FD1EE26B4E5}.Debug|x86.Build.0 = Debug|Any CPU
		{488A29B9-D291-4733-BDBE-9FD1EE26B4E5}.Release|Any CPU.ActiveCfg = Release|Any CPU
		{488A29B9-D291-4733-BDBE-9FD1EE26B4E5}.Release|Any CPU.Build.0 = Release|Any CPU
		{488A29B9-D291-4733-BDBE-9FD1EE26B4E5}.Release|ARM.ActiveCfg = Release|Any CPU
		{488A29B9-D291-4733-BDBE-9FD1EE26B4E5}.Release|ARM.Build.0 = Release|Any CPU
		{488A29B9-D291-4733-BDBE-9FD1EE26B4E5}.Release|iPhone.ActiveCfg = Release|Any CPU
		{488A29B9-D291-4733-BDBE-9FD1EE26B4E5}.Release|iPhone.Build.0 = Release|Any CPU
		{488A29B9-D291-4733-BDBE-9FD1EE26B4E5}.Release|iPhoneSimulator.ActiveCfg = Release|Any CPU
		{488A29B9-D291-4733-BDBE-9FD1EE26B4E5}.Release|iPhoneSimulator.Build.0 = Release|Any CPU
		{488A29B9-D291-4733-BDBE-9FD1EE26B4E5}.Release|x64.ActiveCfg = Release|Any CPU
		{488A29B9-D291-4733-BDBE-9FD1EE26B4E5}.Release|x64.Build.0 = Release|Any CPU
		{488A29B9-D291-4733-BDBE-9FD1EE26B4E5}.Release|x86.ActiveCfg = Release|Any CPU
		{488A29B9-D291-4733-BDBE-9FD1EE26B4E5}.Release|x86.Build.0 = Release|Any CPU
		{97924306-CC9E-4D40-B121-1040ECE2347E}.Ad-Hoc|Any CPU.ActiveCfg = Release|x64
		{97924306-CC9E-4D40-B121-1040ECE2347E}.Ad-Hoc|Any CPU.Build.0 = Release|x64
		{97924306-CC9E-4D40-B121-1040ECE2347E}.Ad-Hoc|Any CPU.Deploy.0 = Release|x64
		{97924306-CC9E-4D40-B121-1040ECE2347E}.Ad-Hoc|ARM.ActiveCfg = Release|ARM
		{97924306-CC9E-4D40-B121-1040ECE2347E}.Ad-Hoc|ARM.Build.0 = Release|ARM
		{97924306-CC9E-4D40-B121-1040ECE2347E}.Ad-Hoc|ARM.Deploy.0 = Release|ARM
		{97924306-CC9E-4D40-B121-1040ECE2347E}.Ad-Hoc|iPhone.ActiveCfg = Release|x64
		{97924306-CC9E-4D40-B121-1040ECE2347E}.Ad-Hoc|iPhone.Build.0 = Release|x64
		{97924306-CC9E-4D40-B121-1040ECE2347E}.Ad-Hoc|iPhone.Deploy.0 = Release|x64
		{97924306-CC9E-4D40-B121-1040ECE2347E}.Ad-Hoc|iPhoneSimulator.ActiveCfg = Release|x64
		{97924306-CC9E-4D40-B121-1040ECE2347E}.Ad-Hoc|iPhoneSimulator.Build.0 = Release|x64
		{97924306-CC9E-4D40-B121-1040ECE2347E}.Ad-Hoc|iPhoneSimulator.Deploy.0 = Release|x64
		{97924306-CC9E-4D40-B121-1040ECE2347E}.Ad-Hoc|x64.ActiveCfg = Release|x64
		{97924306-CC9E-4D40-B121-1040ECE2347E}.Ad-Hoc|x64.Build.0 = Release|x64
		{97924306-CC9E-4D40-B121-1040ECE2347E}.Ad-Hoc|x64.Deploy.0 = Release|x64
		{97924306-CC9E-4D40-B121-1040ECE2347E}.Ad-Hoc|x86.ActiveCfg = Release|x86
		{97924306-CC9E-4D40-B121-1040ECE2347E}.Ad-Hoc|x86.Build.0 = Release|x86
		{97924306-CC9E-4D40-B121-1040ECE2347E}.Ad-Hoc|x86.Deploy.0 = Release|x86
		{97924306-CC9E-4D40-B121-1040ECE2347E}.AppStore|Any CPU.ActiveCfg = Release|x64
		{97924306-CC9E-4D40-B121-1040ECE2347E}.AppStore|Any CPU.Build.0 = Release|x64
		{97924306-CC9E-4D40-B121-1040ECE2347E}.AppStore|Any CPU.Deploy.0 = Release|x64
		{97924306-CC9E-4D40-B121-1040ECE2347E}.AppStore|ARM.ActiveCfg = Release|ARM
		{97924306-CC9E-4D40-B121-1040ECE2347E}.AppStore|ARM.Build.0 = Release|ARM
		{97924306-CC9E-4D40-B121-1040ECE2347E}.AppStore|ARM.Deploy.0 = Release|ARM
		{97924306-CC9E-4D40-B121-1040ECE2347E}.AppStore|iPhone.ActiveCfg = Release|x64
		{97924306-CC9E-4D40-B121-1040ECE2347E}.AppStore|iPhone.Build.0 = Release|x64
		{97924306-CC9E-4D40-B121-1040ECE2347E}.AppStore|iPhone.Deploy.0 = Release|x64
		{97924306-CC9E-4D40-B121-1040ECE2347E}.AppStore|iPhoneSimulator.ActiveCfg = Release|x64
		{97924306-CC9E-4D40-B121-1040ECE2347E}.AppStore|iPhoneSimulator.Build.0 = Release|x64
		{97924306-CC9E-4D40-B121-1040ECE2347E}.AppStore|iPhoneSimulator.Deploy.0 = Release|x64
		{97924306-CC9E-4D40-B121-1040ECE2347E}.AppStore|x64.ActiveCfg = Release|x64
		{97924306-CC9E-4D40-B121-1040ECE2347E}.AppStore|x64.Build.0 = Release|x64
		{97924306-CC9E-4D40-B121-1040ECE2347E}.AppStore|x64.Deploy.0 = Release|x64
		{97924306-CC9E-4D40-B121-1040ECE2347E}.AppStore|x86.ActiveCfg = Release|x86
		{97924306-CC9E-4D40-B121-1040ECE2347E}.AppStore|x86.Build.0 = Release|x86
		{97924306-CC9E-4D40-B121-1040ECE2347E}.AppStore|x86.Deploy.0 = Release|x86
		{97924306-CC9E-4D40-B121-1040ECE2347E}.Debug|Any CPU.ActiveCfg = Debug|x86
		{97924306-CC9E-4D40-B121-1040ECE2347E}.Debug|Any CPU.Build.0 = Debug|x86
		{97924306-CC9E-4D40-B121-1040ECE2347E}.Debug|Any CPU.Deploy.0 = Debug|x86
		{97924306-CC9E-4D40-B121-1040ECE2347E}.Debug|ARM.ActiveCfg = Debug|ARM
		{97924306-CC9E-4D40-B121-1040ECE2347E}.Debug|ARM.Build.0 = Debug|ARM
		{97924306-CC9E-4D40-B121-1040ECE2347E}.Debug|ARM.Deploy.0 = Debug|ARM
		{97924306-CC9E-4D40-B121-1040ECE2347E}.Debug|iPhone.ActiveCfg = Debug|x86
		{97924306-CC9E-4D40-B121-1040ECE2347E}.Debug|iPhoneSimulator.ActiveCfg = Debug|x86
		{97924306-CC9E-4D40-B121-1040ECE2347E}.Debug|x64.ActiveCfg = Debug|x64
		{97924306-CC9E-4D40-B121-1040ECE2347E}.Debug|x64.Build.0 = Debug|x64
		{97924306-CC9E-4D40-B121-1040ECE2347E}.Debug|x64.Deploy.0 = Debug|x64
		{97924306-CC9E-4D40-B121-1040ECE2347E}.Debug|x86.ActiveCfg = Debug|x86
		{97924306-CC9E-4D40-B121-1040ECE2347E}.Debug|x86.Build.0 = Debug|x86
		{97924306-CC9E-4D40-B121-1040ECE2347E}.Debug|x86.Deploy.0 = Debug|x86
		{97924306-CC9E-4D40-B121-1040ECE2347E}.Release|Any CPU.ActiveCfg = Release|x86
		{97924306-CC9E-4D40-B121-1040ECE2347E}.Release|ARM.ActiveCfg = Release|ARM
		{97924306-CC9E-4D40-B121-1040ECE2347E}.Release|ARM.Build.0 = Release|ARM
		{97924306-CC9E-4D40-B121-1040ECE2347E}.Release|ARM.Deploy.0 = Release|ARM
		{97924306-CC9E-4D40-B121-1040ECE2347E}.Release|iPhone.ActiveCfg = Release|x86
		{97924306-CC9E-4D40-B121-1040ECE2347E}.Release|iPhoneSimulator.ActiveCfg = Release|x86
		{97924306-CC9E-4D40-B121-1040ECE2347E}.Release|x64.ActiveCfg = Release|x64
		{97924306-CC9E-4D40-B121-1040ECE2347E}.Release|x64.Build.0 = Release|x64
		{97924306-CC9E-4D40-B121-1040ECE2347E}.Release|x64.Deploy.0 = Release|x64
		{97924306-CC9E-4D40-B121-1040ECE2347E}.Release|x86.ActiveCfg = Release|x86
		{97924306-CC9E-4D40-B121-1040ECE2347E}.Release|x86.Build.0 = Release|x86
		{97924306-CC9E-4D40-B121-1040ECE2347E}.Release|x86.Deploy.0 = Release|x86
		{2397AD63-6E69-4FAB-BDD2-0B6C353C8B22}.Ad-Hoc|Any CPU.ActiveCfg = Release|Any CPU
		{2397AD63-6E69-4FAB-BDD2-0B6C353C8B22}.Ad-Hoc|Any CPU.Build.0 = Release|Any CPU
		{2397AD63-6E69-4FAB-BDD2-0B6C353C8B22}.Ad-Hoc|ARM.ActiveCfg = Release|Any CPU
		{2397AD63-6E69-4FAB-BDD2-0B6C353C8B22}.Ad-Hoc|ARM.Build.0 = Release|Any CPU
		{2397AD63-6E69-4FAB-BDD2-0B6C353C8B22}.Ad-Hoc|iPhone.ActiveCfg = Release|Any CPU
		{2397AD63-6E69-4FAB-BDD2-0B6C353C8B22}.Ad-Hoc|iPhone.Build.0 = Release|Any CPU
		{2397AD63-6E69-4FAB-BDD2-0B6C353C8B22}.Ad-Hoc|iPhoneSimulator.ActiveCfg = Release|Any CPU
		{2397AD63-6E69-4FAB-BDD2-0B6C353C8B22}.Ad-Hoc|iPhoneSimulator.Build.0 = Release|Any CPU
		{2397AD63-6E69-4FAB-BDD2-0B6C353C8B22}.Ad-Hoc|x64.ActiveCfg = Release|Any CPU
		{2397AD63-6E69-4FAB-BDD2-0B6C353C8B22}.Ad-Hoc|x64.Build.0 = Release|Any CPU
		{2397AD63-6E69-4FAB-BDD2-0B6C353C8B22}.Ad-Hoc|x86.ActiveCfg = Release|Any CPU
		{2397AD63-6E69-4FAB-BDD2-0B6C353C8B22}.Ad-Hoc|x86.Build.0 = Release|Any CPU
		{2397AD63-6E69-4FAB-BDD2-0B6C353C8B22}.AppStore|Any CPU.ActiveCfg = Release|Any CPU
		{2397AD63-6E69-4FAB-BDD2-0B6C353C8B22}.AppStore|Any CPU.Build.0 = Release|Any CPU
		{2397AD63-6E69-4FAB-BDD2-0B6C353C8B22}.AppStore|ARM.ActiveCfg = Release|Any CPU
		{2397AD63-6E69-4FAB-BDD2-0B6C353C8B22}.AppStore|ARM.Build.0 = Release|Any CPU
		{2397AD63-6E69-4FAB-BDD2-0B6C353C8B22}.AppStore|iPhone.ActiveCfg = Release|Any CPU
		{2397AD63-6E69-4FAB-BDD2-0B6C353C8B22}.AppStore|iPhone.Build.0 = Release|Any CPU
		{2397AD63-6E69-4FAB-BDD2-0B6C353C8B22}.AppStore|iPhoneSimulator.ActiveCfg = Release|Any CPU
		{2397AD63-6E69-4FAB-BDD2-0B6C353C8B22}.AppStore|iPhoneSimulator.Build.0 = Release|Any CPU
		{2397AD63-6E69-4FAB-BDD2-0B6C353C8B22}.AppStore|x64.ActiveCfg = Release|Any CPU
		{2397AD63-6E69-4FAB-BDD2-0B6C353C8B22}.AppStore|x64.Build.0 = Release|Any CPU
		{2397AD63-6E69-4FAB-BDD2-0B6C353C8B22}.AppStore|x86.ActiveCfg = Release|Any CPU
		{2397AD63-6E69-4FAB-BDD2-0B6C353C8B22}.AppStore|x86.Build.0 = Release|Any CPU
		{2397AD63-6E69-4FAB-BDD2-0B6C353C8B22}.Debug|Any CPU.ActiveCfg = Debug|Any CPU
		{2397AD63-6E69-4FAB-BDD2-0B6C353C8B22}.Debug|Any CPU.Build.0 = Debug|Any CPU
		{2397AD63-6E69-4FAB-BDD2-0B6C353C8B22}.Debug|ARM.ActiveCfg = Debug|Any CPU
		{2397AD63-6E69-4FAB-BDD2-0B6C353C8B22}.Debug|ARM.Build.0 = Debug|Any CPU
		{2397AD63-6E69-4FAB-BDD2-0B6C353C8B22}.Debug|iPhone.ActiveCfg = Debug|Any CPU
		{2397AD63-6E69-4FAB-BDD2-0B6C353C8B22}.Debug|iPhone.Build.0 = Debug|Any CPU
		{2397AD63-6E69-4FAB-BDD2-0B6C353C8B22}.Debug|iPhoneSimulator.ActiveCfg = Debug|Any CPU
		{2397AD63-6E69-4FAB-BDD2-0B6C353C8B22}.Debug|iPhoneSimulator.Build.0 = Debug|Any CPU
		{2397AD63-6E69-4FAB-BDD2-0B6C353C8B22}.Debug|x64.ActiveCfg = Debug|Any CPU
		{2397AD63-6E69-4FAB-BDD2-0B6C353C8B22}.Debug|x64.Build.0 = Debug|Any CPU
		{2397AD63-6E69-4FAB-BDD2-0B6C353C8B22}.Debug|x86.ActiveCfg = Debug|Any CPU
		{2397AD63-6E69-4FAB-BDD2-0B6C353C8B22}.Debug|x86.Build.0 = Debug|Any CPU
		{2397AD63-6E69-4FAB-BDD2-0B6C353C8B22}.Release|Any CPU.ActiveCfg = Release|Any CPU
		{2397AD63-6E69-4FAB-BDD2-0B6C353C8B22}.Release|Any CPU.Build.0 = Release|Any CPU
		{2397AD63-6E69-4FAB-BDD2-0B6C353C8B22}.Release|ARM.ActiveCfg = Release|Any CPU
		{2397AD63-6E69-4FAB-BDD2-0B6C353C8B22}.Release|ARM.Build.0 = Release|Any CPU
		{2397AD63-6E69-4FAB-BDD2-0B6C353C8B22}.Release|iPhone.ActiveCfg = Release|Any CPU
		{2397AD63-6E69-4FAB-BDD2-0B6C353C8B22}.Release|iPhone.Build.0 = Release|Any CPU
		{2397AD63-6E69-4FAB-BDD2-0B6C353C8B22}.Release|iPhoneSimulator.ActiveCfg = Release|Any CPU
		{2397AD63-6E69-4FAB-BDD2-0B6C353C8B22}.Release|iPhoneSimulator.Build.0 = Release|Any CPU
		{2397AD63-6E69-4FAB-BDD2-0B6C353C8B22}.Release|x64.ActiveCfg = Release|Any CPU
		{2397AD63-6E69-4FAB-BDD2-0B6C353C8B22}.Release|x64.Build.0 = Release|Any CPU
		{2397AD63-6E69-4FAB-BDD2-0B6C353C8B22}.Release|x86.ActiveCfg = Release|Any CPU
		{2397AD63-6E69-4FAB-BDD2-0B6C353C8B22}.Release|x86.Build.0 = Release|Any CPU
		{4FCAC043-E704-4AED-A371-077E50A67DA4}.Ad-Hoc|Any CPU.ActiveCfg = Release|Any CPU
		{4FCAC043-E704-4AED-A371-077E50A67DA4}.Ad-Hoc|Any CPU.Build.0 = Release|Any CPU
		{4FCAC043-E704-4AED-A371-077E50A67DA4}.Ad-Hoc|Any CPU.Deploy.0 = Release|Any CPU
		{4FCAC043-E704-4AED-A371-077E50A67DA4}.Ad-Hoc|ARM.ActiveCfg = Release|Any CPU
		{4FCAC043-E704-4AED-A371-077E50A67DA4}.Ad-Hoc|ARM.Build.0 = Release|Any CPU
		{4FCAC043-E704-4AED-A371-077E50A67DA4}.Ad-Hoc|ARM.Deploy.0 = Release|Any CPU
		{4FCAC043-E704-4AED-A371-077E50A67DA4}.Ad-Hoc|iPhone.ActiveCfg = Release|Any CPU
		{4FCAC043-E704-4AED-A371-077E50A67DA4}.Ad-Hoc|iPhone.Build.0 = Release|Any CPU
		{4FCAC043-E704-4AED-A371-077E50A67DA4}.Ad-Hoc|iPhone.Deploy.0 = Release|Any CPU
		{4FCAC043-E704-4AED-A371-077E50A67DA4}.Ad-Hoc|iPhoneSimulator.ActiveCfg = Release|Any CPU
		{4FCAC043-E704-4AED-A371-077E50A67DA4}.Ad-Hoc|iPhoneSimulator.Build.0 = Release|Any CPU
		{4FCAC043-E704-4AED-A371-077E50A67DA4}.Ad-Hoc|iPhoneSimulator.Deploy.0 = Release|Any CPU
		{4FCAC043-E704-4AED-A371-077E50A67DA4}.Ad-Hoc|x64.ActiveCfg = Release|Any CPU
		{4FCAC043-E704-4AED-A371-077E50A67DA4}.Ad-Hoc|x64.Build.0 = Release|Any CPU
		{4FCAC043-E704-4AED-A371-077E50A67DA4}.Ad-Hoc|x64.Deploy.0 = Release|Any CPU
		{4FCAC043-E704-4AED-A371-077E50A67DA4}.Ad-Hoc|x86.ActiveCfg = Release|Any CPU
		{4FCAC043-E704-4AED-A371-077E50A67DA4}.Ad-Hoc|x86.Build.0 = Release|Any CPU
		{4FCAC043-E704-4AED-A371-077E50A67DA4}.Ad-Hoc|x86.Deploy.0 = Release|Any CPU
		{4FCAC043-E704-4AED-A371-077E50A67DA4}.AppStore|Any CPU.ActiveCfg = Release|Any CPU
		{4FCAC043-E704-4AED-A371-077E50A67DA4}.AppStore|Any CPU.Build.0 = Release|Any CPU
		{4FCAC043-E704-4AED-A371-077E50A67DA4}.AppStore|Any CPU.Deploy.0 = Release|Any CPU
		{4FCAC043-E704-4AED-A371-077E50A67DA4}.AppStore|ARM.ActiveCfg = Release|Any CPU
		{4FCAC043-E704-4AED-A371-077E50A67DA4}.AppStore|ARM.Build.0 = Release|Any CPU
		{4FCAC043-E704-4AED-A371-077E50A67DA4}.AppStore|ARM.Deploy.0 = Release|Any CPU
		{4FCAC043-E704-4AED-A371-077E50A67DA4}.AppStore|iPhone.ActiveCfg = Release|Any CPU
		{4FCAC043-E704-4AED-A371-077E50A67DA4}.AppStore|iPhone.Build.0 = Release|Any CPU
		{4FCAC043-E704-4AED-A371-077E50A67DA4}.AppStore|iPhone.Deploy.0 = Release|Any CPU
		{4FCAC043-E704-4AED-A371-077E50A67DA4}.AppStore|iPhoneSimulator.ActiveCfg = Release|Any CPU
		{4FCAC043-E704-4AED-A371-077E50A67DA4}.AppStore|iPhoneSimulator.Build.0 = Release|Any CPU
		{4FCAC043-E704-4AED-A371-077E50A67DA4}.AppStore|iPhoneSimulator.Deploy.0 = Release|Any CPU
		{4FCAC043-E704-4AED-A371-077E50A67DA4}.AppStore|x64.ActiveCfg = Release|Any CPU
		{4FCAC043-E704-4AED-A371-077E50A67DA4}.AppStore|x64.Build.0 = Release|Any CPU
		{4FCAC043-E704-4AED-A371-077E50A67DA4}.AppStore|x64.Deploy.0 = Release|Any CPU
		{4FCAC043-E704-4AED-A371-077E50A67DA4}.AppStore|x86.ActiveCfg = Release|Any CPU
		{4FCAC043-E704-4AED-A371-077E50A67DA4}.AppStore|x86.Build.0 = Release|Any CPU
		{4FCAC043-E704-4AED-A371-077E50A67DA4}.AppStore|x86.Deploy.0 = Release|Any CPU
		{4FCAC043-E704-4AED-A371-077E50A67DA4}.Debug|Any CPU.ActiveCfg = Debug|Any CPU
		{4FCAC043-E704-4AED-A371-077E50A67DA4}.Debug|Any CPU.Build.0 = Debug|Any CPU
		{4FCAC043-E704-4AED-A371-077E50A67DA4}.Debug|Any CPU.Deploy.0 = Debug|Any CPU
		{4FCAC043-E704-4AED-A371-077E50A67DA4}.Debug|ARM.ActiveCfg = Debug|Any CPU
		{4FCAC043-E704-4AED-A371-077E50A67DA4}.Debug|ARM.Build.0 = Debug|Any CPU
		{4FCAC043-E704-4AED-A371-077E50A67DA4}.Debug|ARM.Deploy.0 = Debug|Any CPU
		{4FCAC043-E704-4AED-A371-077E50A67DA4}.Debug|iPhone.ActiveCfg = Debug|Any CPU
		{4FCAC043-E704-4AED-A371-077E50A67DA4}.Debug|iPhone.Build.0 = Debug|Any CPU
		{4FCAC043-E704-4AED-A371-077E50A67DA4}.Debug|iPhone.Deploy.0 = Debug|Any CPU
		{4FCAC043-E704-4AED-A371-077E50A67DA4}.Debug|iPhoneSimulator.ActiveCfg = Debug|Any CPU
		{4FCAC043-E704-4AED-A371-077E50A67DA4}.Debug|iPhoneSimulator.Build.0 = Debug|Any CPU
		{4FCAC043-E704-4AED-A371-077E50A67DA4}.Debug|iPhoneSimulator.Deploy.0 = Debug|Any CPU
		{4FCAC043-E704-4AED-A371-077E50A67DA4}.Debug|x64.ActiveCfg = Debug|Any CPU
		{4FCAC043-E704-4AED-A371-077E50A67DA4}.Debug|x64.Build.0 = Debug|Any CPU
		{4FCAC043-E704-4AED-A371-077E50A67DA4}.Debug|x64.Deploy.0 = Debug|Any CPU
		{4FCAC043-E704-4AED-A371-077E50A67DA4}.Debug|x86.ActiveCfg = Debug|Any CPU
		{4FCAC043-E704-4AED-A371-077E50A67DA4}.Debug|x86.Build.0 = Debug|Any CPU
		{4FCAC043-E704-4AED-A371-077E50A67DA4}.Debug|x86.Deploy.0 = Debug|Any CPU
		{4FCAC043-E704-4AED-A371-077E50A67DA4}.Release|Any CPU.ActiveCfg = Release|Any CPU
		{4FCAC043-E704-4AED-A371-077E50A67DA4}.Release|Any CPU.Build.0 = Release|Any CPU
		{4FCAC043-E704-4AED-A371-077E50A67DA4}.Release|Any CPU.Deploy.0 = Release|Any CPU
		{4FCAC043-E704-4AED-A371-077E50A67DA4}.Release|ARM.ActiveCfg = Release|Any CPU
		{4FCAC043-E704-4AED-A371-077E50A67DA4}.Release|ARM.Build.0 = Release|Any CPU
		{4FCAC043-E704-4AED-A371-077E50A67DA4}.Release|ARM.Deploy.0 = Release|Any CPU
		{4FCAC043-E704-4AED-A371-077E50A67DA4}.Release|iPhone.ActiveCfg = Release|Any CPU
		{4FCAC043-E704-4AED-A371-077E50A67DA4}.Release|iPhone.Build.0 = Release|Any CPU
		{4FCAC043-E704-4AED-A371-077E50A67DA4}.Release|iPhone.Deploy.0 = Release|Any CPU
		{4FCAC043-E704-4AED-A371-077E50A67DA4}.Release|iPhoneSimulator.ActiveCfg = Release|Any CPU
		{4FCAC043-E704-4AED-A371-077E50A67DA4}.Release|iPhoneSimulator.Build.0 = Release|Any CPU
		{4FCAC043-E704-4AED-A371-077E50A67DA4}.Release|iPhoneSimulator.Deploy.0 = Release|Any CPU
		{4FCAC043-E704-4AED-A371-077E50A67DA4}.Release|x64.ActiveCfg = Release|Any CPU
		{4FCAC043-E704-4AED-A371-077E50A67DA4}.Release|x64.Build.0 = Release|Any CPU
		{4FCAC043-E704-4AED-A371-077E50A67DA4}.Release|x64.Deploy.0 = Release|Any CPU
		{4FCAC043-E704-4AED-A371-077E50A67DA4}.Release|x86.ActiveCfg = Release|Any CPU
		{4FCAC043-E704-4AED-A371-077E50A67DA4}.Release|x86.Build.0 = Release|Any CPU
		{4FCAC043-E704-4AED-A371-077E50A67DA4}.Release|x86.Deploy.0 = Release|Any CPU
		{E228A094-964E-4CB1-9A35-4B52C20FEEA2}.Ad-Hoc|Any CPU.ActiveCfg = Release|x86
		{E228A094-964E-4CB1-9A35-4B52C20FEEA2}.Ad-Hoc|Any CPU.Build.0 = Release|x86
		{E228A094-964E-4CB1-9A35-4B52C20FEEA2}.Ad-Hoc|Any CPU.Deploy.0 = Release|x86
		{E228A094-964E-4CB1-9A35-4B52C20FEEA2}.Ad-Hoc|ARM.ActiveCfg = Release|ARM
		{E228A094-964E-4CB1-9A35-4B52C20FEEA2}.Ad-Hoc|ARM.Build.0 = Release|ARM
		{E228A094-964E-4CB1-9A35-4B52C20FEEA2}.Ad-Hoc|ARM.Deploy.0 = Release|ARM
		{E228A094-964E-4CB1-9A35-4B52C20FEEA2}.Ad-Hoc|iPhone.ActiveCfg = Release|x86
		{E228A094-964E-4CB1-9A35-4B52C20FEEA2}.Ad-Hoc|iPhone.Build.0 = Release|x86
		{E228A094-964E-4CB1-9A35-4B52C20FEEA2}.Ad-Hoc|iPhone.Deploy.0 = Release|x86
		{E228A094-964E-4CB1-9A35-4B52C20FEEA2}.Ad-Hoc|iPhoneSimulator.ActiveCfg = Release|x86
		{E228A094-964E-4CB1-9A35-4B52C20FEEA2}.Ad-Hoc|iPhoneSimulator.Build.0 = Release|x86
		{E228A094-964E-4CB1-9A35-4B52C20FEEA2}.Ad-Hoc|iPhoneSimulator.Deploy.0 = Release|x86
		{E228A094-964E-4CB1-9A35-4B52C20FEEA2}.Ad-Hoc|x64.ActiveCfg = Release|x64
		{E228A094-964E-4CB1-9A35-4B52C20FEEA2}.Ad-Hoc|x64.Build.0 = Release|x64
		{E228A094-964E-4CB1-9A35-4B52C20FEEA2}.Ad-Hoc|x64.Deploy.0 = Release|x64
		{E228A094-964E-4CB1-9A35-4B52C20FEEA2}.Ad-Hoc|x86.ActiveCfg = Release|x86
		{E228A094-964E-4CB1-9A35-4B52C20FEEA2}.Ad-Hoc|x86.Build.0 = Release|x86
		{E228A094-964E-4CB1-9A35-4B52C20FEEA2}.Ad-Hoc|x86.Deploy.0 = Release|x86
		{E228A094-964E-4CB1-9A35-4B52C20FEEA2}.AppStore|Any CPU.ActiveCfg = Release|x86
		{E228A094-964E-4CB1-9A35-4B52C20FEEA2}.AppStore|Any CPU.Build.0 = Release|x86
		{E228A094-964E-4CB1-9A35-4B52C20FEEA2}.AppStore|Any CPU.Deploy.0 = Release|x86
		{E228A094-964E-4CB1-9A35-4B52C20FEEA2}.AppStore|ARM.ActiveCfg = Release|ARM
		{E228A094-964E-4CB1-9A35-4B52C20FEEA2}.AppStore|ARM.Build.0 = Release|ARM
		{E228A094-964E-4CB1-9A35-4B52C20FEEA2}.AppStore|ARM.Deploy.0 = Release|ARM
		{E228A094-964E-4CB1-9A35-4B52C20FEEA2}.AppStore|iPhone.ActiveCfg = Release|x86
		{E228A094-964E-4CB1-9A35-4B52C20FEEA2}.AppStore|iPhone.Build.0 = Release|x86
		{E228A094-964E-4CB1-9A35-4B52C20FEEA2}.AppStore|iPhone.Deploy.0 = Release|x86
		{E228A094-964E-4CB1-9A35-4B52C20FEEA2}.AppStore|iPhoneSimulator.ActiveCfg = Release|x86
		{E228A094-964E-4CB1-9A35-4B52C20FEEA2}.AppStore|iPhoneSimulator.Build.0 = Release|x86
		{E228A094-964E-4CB1-9A35-4B52C20FEEA2}.AppStore|iPhoneSimulator.Deploy.0 = Release|x86
		{E228A094-964E-4CB1-9A35-4B52C20FEEA2}.AppStore|x64.ActiveCfg = Release|x64
		{E228A094-964E-4CB1-9A35-4B52C20FEEA2}.AppStore|x64.Build.0 = Release|x64
		{E228A094-964E-4CB1-9A35-4B52C20FEEA2}.AppStore|x64.Deploy.0 = Release|x64
		{E228A094-964E-4CB1-9A35-4B52C20FEEA2}.AppStore|x86.ActiveCfg = Release|x86
		{E228A094-964E-4CB1-9A35-4B52C20FEEA2}.AppStore|x86.Build.0 = Release|x86
		{E228A094-964E-4CB1-9A35-4B52C20FEEA2}.AppStore|x86.Deploy.0 = Release|x86
		{E228A094-964E-4CB1-9A35-4B52C20FEEA2}.Debug|Any CPU.ActiveCfg = Debug|x86
		{E228A094-964E-4CB1-9A35-4B52C20FEEA2}.Debug|ARM.ActiveCfg = Debug|ARM
		{E228A094-964E-4CB1-9A35-4B52C20FEEA2}.Debug|ARM.Build.0 = Debug|ARM
		{E228A094-964E-4CB1-9A35-4B52C20FEEA2}.Debug|ARM.Deploy.0 = Debug|ARM
		{E228A094-964E-4CB1-9A35-4B52C20FEEA2}.Debug|iPhone.ActiveCfg = Debug|x86
		{E228A094-964E-4CB1-9A35-4B52C20FEEA2}.Debug|iPhoneSimulator.ActiveCfg = Debug|x86
		{E228A094-964E-4CB1-9A35-4B52C20FEEA2}.Debug|x64.ActiveCfg = Debug|x64
		{E228A094-964E-4CB1-9A35-4B52C20FEEA2}.Debug|x64.Build.0 = Debug|x64
		{E228A094-964E-4CB1-9A35-4B52C20FEEA2}.Debug|x64.Deploy.0 = Debug|x64
		{E228A094-964E-4CB1-9A35-4B52C20FEEA2}.Debug|x86.ActiveCfg = Debug|x86
		{E228A094-964E-4CB1-9A35-4B52C20FEEA2}.Debug|x86.Build.0 = Debug|x86
		{E228A094-964E-4CB1-9A35-4B52C20FEEA2}.Debug|x86.Deploy.0 = Debug|x86
		{E228A094-964E-4CB1-9A35-4B52C20FEEA2}.Release|Any CPU.ActiveCfg = Release|x86
		{E228A094-964E-4CB1-9A35-4B52C20FEEA2}.Release|ARM.ActiveCfg = Release|ARM
		{E228A094-964E-4CB1-9A35-4B52C20FEEA2}.Release|ARM.Build.0 = Release|ARM
		{E228A094-964E-4CB1-9A35-4B52C20FEEA2}.Release|ARM.Deploy.0 = Release|ARM
		{E228A094-964E-4CB1-9A35-4B52C20FEEA2}.Release|iPhone.ActiveCfg = Release|x86
		{E228A094-964E-4CB1-9A35-4B52C20FEEA2}.Release|iPhoneSimulator.ActiveCfg = Release|x86
		{E228A094-964E-4CB1-9A35-4B52C20FEEA2}.Release|x64.ActiveCfg = Release|x64
		{E228A094-964E-4CB1-9A35-4B52C20FEEA2}.Release|x64.Build.0 = Release|x64
		{E228A094-964E-4CB1-9A35-4B52C20FEEA2}.Release|x64.Deploy.0 = Release|x64
		{E228A094-964E-4CB1-9A35-4B52C20FEEA2}.Release|x86.ActiveCfg = Release|x86
		{E228A094-964E-4CB1-9A35-4B52C20FEEA2}.Release|x86.Build.0 = Release|x86
		{E228A094-964E-4CB1-9A35-4B52C20FEEA2}.Release|x86.Deploy.0 = Release|x86
		{6346BA17-991E-4682-9C70-34A2B65B73CA}.Ad-Hoc|Any CPU.ActiveCfg = Debug|Any CPU
		{6346BA17-991E-4682-9C70-34A2B65B73CA}.Ad-Hoc|Any CPU.Build.0 = Debug|Any CPU
		{6346BA17-991E-4682-9C70-34A2B65B73CA}.Ad-Hoc|ARM.ActiveCfg = Debug|Any CPU
		{6346BA17-991E-4682-9C70-34A2B65B73CA}.Ad-Hoc|ARM.Build.0 = Debug|Any CPU
		{6346BA17-991E-4682-9C70-34A2B65B73CA}.Ad-Hoc|iPhone.ActiveCfg = Debug|Any CPU
		{6346BA17-991E-4682-9C70-34A2B65B73CA}.Ad-Hoc|iPhone.Build.0 = Debug|Any CPU
		{6346BA17-991E-4682-9C70-34A2B65B73CA}.Ad-Hoc|iPhoneSimulator.ActiveCfg = Debug|Any CPU
		{6346BA17-991E-4682-9C70-34A2B65B73CA}.Ad-Hoc|iPhoneSimulator.Build.0 = Debug|Any CPU
		{6346BA17-991E-4682-9C70-34A2B65B73CA}.Ad-Hoc|x64.ActiveCfg = Debug|Any CPU
		{6346BA17-991E-4682-9C70-34A2B65B73CA}.Ad-Hoc|x64.Build.0 = Debug|Any CPU
		{6346BA17-991E-4682-9C70-34A2B65B73CA}.Ad-Hoc|x86.ActiveCfg = Debug|Any CPU
		{6346BA17-991E-4682-9C70-34A2B65B73CA}.Ad-Hoc|x86.Build.0 = Debug|Any CPU
		{6346BA17-991E-4682-9C70-34A2B65B73CA}.AppStore|Any CPU.ActiveCfg = Debug|Any CPU
		{6346BA17-991E-4682-9C70-34A2B65B73CA}.AppStore|Any CPU.Build.0 = Debug|Any CPU
		{6346BA17-991E-4682-9C70-34A2B65B73CA}.AppStore|ARM.ActiveCfg = Debug|Any CPU
		{6346BA17-991E-4682-9C70-34A2B65B73CA}.AppStore|ARM.Build.0 = Debug|Any CPU
		{6346BA17-991E-4682-9C70-34A2B65B73CA}.AppStore|iPhone.ActiveCfg = Debug|Any CPU
		{6346BA17-991E-4682-9C70-34A2B65B73CA}.AppStore|iPhone.Build.0 = Debug|Any CPU
		{6346BA17-991E-4682-9C70-34A2B65B73CA}.AppStore|iPhoneSimulator.ActiveCfg = Debug|Any CPU
		{6346BA17-991E-4682-9C70-34A2B65B73CA}.AppStore|iPhoneSimulator.Build.0 = Debug|Any CPU
		{6346BA17-991E-4682-9C70-34A2B65B73CA}.AppStore|x64.ActiveCfg = Debug|Any CPU
		{6346BA17-991E-4682-9C70-34A2B65B73CA}.AppStore|x64.Build.0 = Debug|Any CPU
		{6346BA17-991E-4682-9C70-34A2B65B73CA}.AppStore|x86.ActiveCfg = Debug|Any CPU
		{6346BA17-991E-4682-9C70-34A2B65B73CA}.AppStore|x86.Build.0 = Debug|Any CPU
		{6346BA17-991E-4682-9C70-34A2B65B73CA}.Debug|Any CPU.ActiveCfg = Debug|Any CPU
		{6346BA17-991E-4682-9C70-34A2B65B73CA}.Debug|Any CPU.Build.0 = Debug|Any CPU
		{6346BA17-991E-4682-9C70-34A2B65B73CA}.Debug|ARM.ActiveCfg = Debug|Any CPU
		{6346BA17-991E-4682-9C70-34A2B65B73CA}.Debug|ARM.Build.0 = Debug|Any CPU
		{6346BA17-991E-4682-9C70-34A2B65B73CA}.Debug|iPhone.ActiveCfg = Debug|Any CPU
		{6346BA17-991E-4682-9C70-34A2B65B73CA}.Debug|iPhone.Build.0 = Debug|Any CPU
		{6346BA17-991E-4682-9C70-34A2B65B73CA}.Debug|iPhoneSimulator.ActiveCfg = Debug|Any CPU
		{6346BA17-991E-4682-9C70-34A2B65B73CA}.Debug|iPhoneSimulator.Build.0 = Debug|Any CPU
		{6346BA17-991E-4682-9C70-34A2B65B73CA}.Debug|x64.ActiveCfg = Debug|Any CPU
		{6346BA17-991E-4682-9C70-34A2B65B73CA}.Debug|x64.Build.0 = Debug|Any CPU
		{6346BA17-991E-4682-9C70-34A2B65B73CA}.Debug|x86.ActiveCfg = Debug|Any CPU
		{6346BA17-991E-4682-9C70-34A2B65B73CA}.Debug|x86.Build.0 = Debug|Any CPU
		{6346BA17-991E-4682-9C70-34A2B65B73CA}.Release|Any CPU.ActiveCfg = Release|Any CPU
		{6346BA17-991E-4682-9C70-34A2B65B73CA}.Release|Any CPU.Build.0 = Release|Any CPU
		{6346BA17-991E-4682-9C70-34A2B65B73CA}.Release|ARM.ActiveCfg = Release|Any CPU
		{6346BA17-991E-4682-9C70-34A2B65B73CA}.Release|ARM.Build.0 = Release|Any CPU
		{6346BA17-991E-4682-9C70-34A2B65B73CA}.Release|iPhone.ActiveCfg = Release|Any CPU
		{6346BA17-991E-4682-9C70-34A2B65B73CA}.Release|iPhone.Build.0 = Release|Any CPU
		{6346BA17-991E-4682-9C70-34A2B65B73CA}.Release|iPhoneSimulator.ActiveCfg = Release|Any CPU
		{6346BA17-991E-4682-9C70-34A2B65B73CA}.Release|iPhoneSimulator.Build.0 = Release|Any CPU
		{6346BA17-991E-4682-9C70-34A2B65B73CA}.Release|x64.ActiveCfg = Release|Any CPU
		{6346BA17-991E-4682-9C70-34A2B65B73CA}.Release|x64.Build.0 = Release|Any CPU
		{6346BA17-991E-4682-9C70-34A2B65B73CA}.Release|x86.ActiveCfg = Release|Any CPU
		{6346BA17-991E-4682-9C70-34A2B65B73CA}.Release|x86.Build.0 = Release|Any CPU
		{3244B22F-022F-4B3A-8F17-FC0526FA2330}.Ad-Hoc|Any CPU.ActiveCfg = Debug|Any CPU
		{3244B22F-022F-4B3A-8F17-FC0526FA2330}.Ad-Hoc|Any CPU.Build.0 = Debug|Any CPU
		{3244B22F-022F-4B3A-8F17-FC0526FA2330}.Ad-Hoc|ARM.ActiveCfg = Debug|Any CPU
		{3244B22F-022F-4B3A-8F17-FC0526FA2330}.Ad-Hoc|ARM.Build.0 = Debug|Any CPU
		{3244B22F-022F-4B3A-8F17-FC0526FA2330}.Ad-Hoc|iPhone.ActiveCfg = Debug|Any CPU
		{3244B22F-022F-4B3A-8F17-FC0526FA2330}.Ad-Hoc|iPhone.Build.0 = Debug|Any CPU
		{3244B22F-022F-4B3A-8F17-FC0526FA2330}.Ad-Hoc|iPhoneSimulator.ActiveCfg = Debug|Any CPU
		{3244B22F-022F-4B3A-8F17-FC0526FA2330}.Ad-Hoc|iPhoneSimulator.Build.0 = Debug|Any CPU
		{3244B22F-022F-4B3A-8F17-FC0526FA2330}.Ad-Hoc|x64.ActiveCfg = Debug|Any CPU
		{3244B22F-022F-4B3A-8F17-FC0526FA2330}.Ad-Hoc|x64.Build.0 = Debug|Any CPU
		{3244B22F-022F-4B3A-8F17-FC0526FA2330}.Ad-Hoc|x86.ActiveCfg = Debug|Any CPU
		{3244B22F-022F-4B3A-8F17-FC0526FA2330}.Ad-Hoc|x86.Build.0 = Debug|Any CPU
		{3244B22F-022F-4B3A-8F17-FC0526FA2330}.AppStore|Any CPU.ActiveCfg = Debug|Any CPU
		{3244B22F-022F-4B3A-8F17-FC0526FA2330}.AppStore|Any CPU.Build.0 = Debug|Any CPU
		{3244B22F-022F-4B3A-8F17-FC0526FA2330}.AppStore|ARM.ActiveCfg = Debug|Any CPU
		{3244B22F-022F-4B3A-8F17-FC0526FA2330}.AppStore|ARM.Build.0 = Debug|Any CPU
		{3244B22F-022F-4B3A-8F17-FC0526FA2330}.AppStore|iPhone.ActiveCfg = Debug|Any CPU
		{3244B22F-022F-4B3A-8F17-FC0526FA2330}.AppStore|iPhone.Build.0 = Debug|Any CPU
		{3244B22F-022F-4B3A-8F17-FC0526FA2330}.AppStore|iPhoneSimulator.ActiveCfg = Debug|Any CPU
		{3244B22F-022F-4B3A-8F17-FC0526FA2330}.AppStore|iPhoneSimulator.Build.0 = Debug|Any CPU
		{3244B22F-022F-4B3A-8F17-FC0526FA2330}.AppStore|x64.ActiveCfg = Debug|Any CPU
		{3244B22F-022F-4B3A-8F17-FC0526FA2330}.AppStore|x64.Build.0 = Debug|Any CPU
		{3244B22F-022F-4B3A-8F17-FC0526FA2330}.AppStore|x86.ActiveCfg = Debug|Any CPU
		{3244B22F-022F-4B3A-8F17-FC0526FA2330}.AppStore|x86.Build.0 = Debug|Any CPU
		{3244B22F-022F-4B3A-8F17-FC0526FA2330}.Debug|Any CPU.ActiveCfg = Debug|Any CPU
		{3244B22F-022F-4B3A-8F17-FC0526FA2330}.Debug|Any CPU.Build.0 = Debug|Any CPU
		{3244B22F-022F-4B3A-8F17-FC0526FA2330}.Debug|ARM.ActiveCfg = Debug|Any CPU
		{3244B22F-022F-4B3A-8F17-FC0526FA2330}.Debug|ARM.Build.0 = Debug|Any CPU
		{3244B22F-022F-4B3A-8F17-FC0526FA2330}.Debug|iPhone.ActiveCfg = Debug|Any CPU
		{3244B22F-022F-4B3A-8F17-FC0526FA2330}.Debug|iPhone.Build.0 = Debug|Any CPU
		{3244B22F-022F-4B3A-8F17-FC0526FA2330}.Debug|iPhoneSimulator.ActiveCfg = Debug|Any CPU
		{3244B22F-022F-4B3A-8F17-FC0526FA2330}.Debug|iPhoneSimulator.Build.0 = Debug|Any CPU
		{3244B22F-022F-4B3A-8F17-FC0526FA2330}.Debug|x64.ActiveCfg = Debug|Any CPU
		{3244B22F-022F-4B3A-8F17-FC0526FA2330}.Debug|x64.Build.0 = Debug|Any CPU
		{3244B22F-022F-4B3A-8F17-FC0526FA2330}.Debug|x86.ActiveCfg = Debug|Any CPU
		{3244B22F-022F-4B3A-8F17-FC0526FA2330}.Debug|x86.Build.0 = Debug|Any CPU
		{3244B22F-022F-4B3A-8F17-FC0526FA2330}.Release|Any CPU.ActiveCfg = Release|Any CPU
		{3244B22F-022F-4B3A-8F17-FC0526FA2330}.Release|Any CPU.Build.0 = Release|Any CPU
		{3244B22F-022F-4B3A-8F17-FC0526FA2330}.Release|ARM.ActiveCfg = Release|Any CPU
		{3244B22F-022F-4B3A-8F17-FC0526FA2330}.Release|ARM.Build.0 = Release|Any CPU
		{3244B22F-022F-4B3A-8F17-FC0526FA2330}.Release|iPhone.ActiveCfg = Release|Any CPU
		{3244B22F-022F-4B3A-8F17-FC0526FA2330}.Release|iPhone.Build.0 = Release|Any CPU
		{3244B22F-022F-4B3A-8F17-FC0526FA2330}.Release|iPhoneSimulator.ActiveCfg = Release|Any CPU
		{3244B22F-022F-4B3A-8F17-FC0526FA2330}.Release|iPhoneSimulator.Build.0 = Release|Any CPU
		{3244B22F-022F-4B3A-8F17-FC0526FA2330}.Release|x64.ActiveCfg = Release|Any CPU
		{3244B22F-022F-4B3A-8F17-FC0526FA2330}.Release|x64.Build.0 = Release|Any CPU
		{3244B22F-022F-4B3A-8F17-FC0526FA2330}.Release|x86.ActiveCfg = Release|Any CPU
		{3244B22F-022F-4B3A-8F17-FC0526FA2330}.Release|x86.Build.0 = Release|Any CPU
	EndGlobalSection
	GlobalSection(SolutionProperties) = preSolution
		HideSolutionNode = FALSE
	EndGlobalSection
	GlobalSection(NestedProjects) = preSolution
		{488A29B9-D291-4733-BDBE-9FD1EE26B4E5} = {C9E229B9-52B5-43AA-A6CE-211A9DD2434B}
		{97924306-CC9E-4D40-B121-1040ECE2347E} = {0DB57113-50C2-4F8A-9308-0B7DE396803E}
		{2397AD63-6E69-4FAB-BDD2-0B6C353C8B22} = {0DB57113-50C2-4F8A-9308-0B7DE396803E}
		{4FCAC043-E704-4AED-A371-077E50A67DA4} = {C9E229B9-52B5-43AA-A6CE-211A9DD2434B}
		{E228A094-964E-4CB1-9A35-4B52C20FEEA2} = {C9E229B9-52B5-43AA-A6CE-211A9DD2434B}
		{6346BA17-991E-4682-9C70-34A2B65B73CA} = {C9E229B9-52B5-43AA-A6CE-211A9DD2434B}
	EndGlobalSection
	GlobalSection(ExtensibilityGlobals) = postSolution
		SolutionGuid = {D605A6C2-E74E-4269-B5FA-67983B385B47}
	EndGlobalSection
EndGlobal
