
Microsoft Visual Studio Solution File, Format Version 12.00
# Visual Studio 15
VisualStudioVersion = 15.0.27703.2000
MinimumVisualStudioVersion = 10.0.40219.1
Project("{9A19103F-16F7-4668-BE54-9A1E7A4F7556}") = "Trezor.Net", "Trezor.Net\Trezor.Net.csproj", "{DDA97F34-2E5E-481C-83DD-EE58E9E6AAF0}"
EndProject
Project("{9A19103F-16F7-4668-BE54-9A1E7A4F7556}") = "Trezor.Net.Sample", "Trezor.Net.Sample\Trezor.Net.Sample.csproj", "{488A29B9-D291-4733-BDBE-9FD1EE26B4E5}"
EndProject
Project("{FAE04EC0-301F-11D3-BF4B-00C04F79EFBC}") = "Trezor.Net.UWPUnitTest", "Trezor.Net.UWPUnitTest\Trezor.Net.UWPUnitTest.csproj", "{97924306-CC9E-4D40-B121-1040ECE2347E}"
EndProject
Project("{9A19103F-16F7-4668-BE54-9A1E7A4F7556}") = "Trezor.Net.NETCoreUnitTest", "Trezor.Net.NETCoreUnitTest\Trezor.Net.NETCoreUnitTest.csproj", "{30B817B7-F9E5-4162-A0A8-B11112F3C96A}"
EndProject
Global
	GlobalSection(SolutionConfigurationPlatforms) = preSolution
		Debug|Any CPU = Debug|Any CPU
		Debug|ARM = Debug|ARM
		Debug|x64 = Debug|x64
		Debug|x86 = Debug|x86
		Release|Any CPU = Release|Any CPU
		Release|ARM = Release|ARM
		Release|x64 = Release|x64
		Release|x86 = Release|x86
	EndGlobalSection
	GlobalSection(ProjectConfigurationPlatforms) = postSolution
		{DDA97F34-2E5E-481C-83DD-EE58E9E6AAF0}.Debug|Any CPU.ActiveCfg = Debug|Any CPU
		{DDA97F34-2E5E-481C-83DD-EE58E9E6AAF0}.Debug|Any CPU.Build.0 = Debug|Any CPU
		{DDA97F34-2E5E-481C-83DD-EE58E9E6AAF0}.Debug|ARM.ActiveCfg = Debug|Any CPU
		{DDA97F34-2E5E-481C-83DD-EE58E9E6AAF0}.Debug|ARM.Build.0 = Debug|Any CPU
		{DDA97F34-2E5E-481C-83DD-EE58E9E6AAF0}.Debug|x64.ActiveCfg = Debug|Any CPU
		{DDA97F34-2E5E-481C-83DD-EE58E9E6AAF0}.Debug|x64.Build.0 = Debug|Any CPU
		{DDA97F34-2E5E-481C-83DD-EE58E9E6AAF0}.Debug|x86.ActiveCfg = Debug|Any CPU
		{DDA97F34-2E5E-481C-83DD-EE58E9E6AAF0}.Debug|x86.Build.0 = Debug|Any CPU
		{DDA97F34-2E5E-481C-83DD-EE58E9E6AAF0}.Release|Any CPU.ActiveCfg = Release|Any CPU
		{DDA97F34-2E5E-481C-83DD-EE58E9E6AAF0}.Release|Any CPU.Build.0 = Release|Any CPU
		{DDA97F34-2E5E-481C-83DD-EE58E9E6AAF0}.Release|ARM.ActiveCfg = Release|Any CPU
		{DDA97F34-2E5E-481C-83DD-EE58E9E6AAF0}.Release|ARM.Build.0 = Release|Any CPU
		{DDA97F34-2E5E-481C-83DD-EE58E9E6AAF0}.Release|x64.ActiveCfg = Release|Any CPU
		{DDA97F34-2E5E-481C-83DD-EE58E9E6AAF0}.Release|x64.Build.0 = Release|Any CPU
		{DDA97F34-2E5E-481C-83DD-EE58E9E6AAF0}.Release|x86.ActiveCfg = Release|Any CPU
		{DDA97F34-2E5E-481C-83DD-EE58E9E6AAF0}.Release|x86.Build.0 = Release|Any CPU
		{488A29B9-D291-4733-BDBE-9FD1EE26B4E5}.Debug|Any CPU.ActiveCfg = Debug|Any CPU
		{488A29B9-D291-4733-BDBE-9FD1EE26B4E5}.Debug|Any CPU.Build.0 = Debug|Any CPU
		{488A29B9-D291-4733-BDBE-9FD1EE26B4E5}.Debug|ARM.ActiveCfg = Debug|Any CPU
		{488A29B9-D291-4733-BDBE-9FD1EE26B4E5}.Debug|ARM.Build.0 = Debug|Any CPU
		{488A29B9-D291-4733-BDBE-9FD1EE26B4E5}.Debug|x64.ActiveCfg = Debug|Any CPU
		{488A29B9-D291-4733-BDBE-9FD1EE26B4E5}.Debug|x64.Build.0 = Debug|Any CPU
		{488A29B9-D291-4733-BDBE-9FD1EE26B4E5}.Debug|x86.ActiveCfg = Debug|Any CPU
		{488A29B9-D291-4733-BDBE-9FD1EE26B4E5}.Debug|x86.Build.0 = Debug|Any CPU
		{488A29B9-D291-4733-BDBE-9FD1EE26B4E5}.Release|Any CPU.ActiveCfg = Release|Any CPU
		{488A29B9-D291-4733-BDBE-9FD1EE26B4E5}.Release|Any CPU.Build.0 = Release|Any CPU
		{488A29B9-D291-4733-BDBE-9FD1EE26B4E5}.Release|ARM.ActiveCfg = Release|Any CPU
		{488A29B9-D291-4733-BDBE-9FD1EE26B4E5}.Release|ARM.Build.0 = Release|Any CPU
		{488A29B9-D291-4733-BDBE-9FD1EE26B4E5}.Release|x64.ActiveCfg = Release|Any CPU
		{488A29B9-D291-4733-BDBE-9FD1EE26B4E5}.Release|x64.Build.0 = Release|Any CPU
		{488A29B9-D291-4733-BDBE-9FD1EE26B4E5}.Release|x86.ActiveCfg = Release|Any CPU
		{488A29B9-D291-4733-BDBE-9FD1EE26B4E5}.Release|x86.Build.0 = Release|Any CPU
		{97924306-CC9E-4D40-B121-1040ECE2347E}.Debug|Any CPU.ActiveCfg = Debug|x86
		{97924306-CC9E-4D40-B121-1040ECE2347E}.Debug|Any CPU.Build.0 = Debug|x86
		{97924306-CC9E-4D40-B121-1040ECE2347E}.Debug|Any CPU.Deploy.0 = Debug|x86
		{97924306-CC9E-4D40-B121-1040ECE2347E}.Debug|ARM.ActiveCfg = Debug|ARM
		{97924306-CC9E-4D40-B121-1040ECE2347E}.Debug|ARM.Build.0 = Debug|ARM
		{97924306-CC9E-4D40-B121-1040ECE2347E}.Debug|ARM.Deploy.0 = Debug|ARM
		{97924306-CC9E-4D40-B121-1040ECE2347E}.Debug|x64.ActiveCfg = Debug|x64
		{97924306-CC9E-4D40-B121-1040ECE2347E}.Debug|x64.Build.0 = Debug|x64
		{97924306-CC9E-4D40-B121-1040ECE2347E}.Debug|x64.Deploy.0 = Debug|x64
		{97924306-CC9E-4D40-B121-1040ECE2347E}.Debug|x86.ActiveCfg = Debug|x86
		{97924306-CC9E-4D40-B121-1040ECE2347E}.Debug|x86.Build.0 = Debug|x86
		{97924306-CC9E-4D40-B121-1040ECE2347E}.Debug|x86.Deploy.0 = Debug|x86
		{97924306-CC9E-4D40-B121-1040ECE2347E}.Release|Any CPU.ActiveCfg = Release|x86
		{97924306-CC9E-4D40-B121-1040ECE2347E}.Release|ARM.ActiveCfg = Release|ARM
		{97924306-CC9E-4D40-B121-1040ECE2347E}.Release|ARM.Build.0 = Release|ARM
		{97924306-CC9E-4D40-B121-1040ECE2347E}.Release|ARM.Deploy.0 = Release|ARM
		{97924306-CC9E-4D40-B121-1040ECE2347E}.Release|x64.ActiveCfg = Release|x64
		{97924306-CC9E-4D40-B121-1040ECE2347E}.Release|x64.Build.0 = Release|x64
		{97924306-CC9E-4D40-B121-1040ECE2347E}.Release|x64.Deploy.0 = Release|x64
		{97924306-CC9E-4D40-B121-1040ECE2347E}.Release|x86.ActiveCfg = Release|x86
		{97924306-CC9E-4D40-B121-1040ECE2347E}.Release|x86.Build.0 = Release|x86
		{97924306-CC9E-4D40-B121-1040ECE2347E}.Release|x86.Deploy.0 = Release|x86
		{30B817B7-F9E5-4162-A0A8-B11112F3C96A}.Debug|Any CPU.ActiveCfg = Debug|Any CPU
		{30B817B7-F9E5-4162-A0A8-B11112F3C96A}.Debug|Any CPU.Build.0 = Debug|Any CPU
		{30B817B7-F9E5-4162-A0A8-B11112F3C96A}.Debug|ARM.ActiveCfg = Debug|Any CPU
		{30B817B7-F9E5-4162-A0A8-B11112F3C96A}.Debug|ARM.Build.0 = Debug|Any CPU
		{30B817B7-F9E5-4162-A0A8-B11112F3C96A}.Debug|x64.ActiveCfg = Debug|Any CPU
		{30B817B7-F9E5-4162-A0A8-B11112F3C96A}.Debug|x64.Build.0 = Debug|Any CPU
		{30B817B7-F9E5-4162-A0A8-B11112F3C96A}.Debug|x86.ActiveCfg = Debug|Any CPU
		{30B817B7-F9E5-4162-A0A8-B11112F3C96A}.Debug|x86.Build.0 = Debug|Any CPU
		{30B817B7-F9E5-4162-A0A8-B11112F3C96A}.Release|Any CPU.ActiveCfg = Release|Any CPU
		{30B817B7-F9E5-4162-A0A8-B11112F3C96A}.Release|Any CPU.Build.0 = Release|Any CPU
		{30B817B7-F9E5-4162-A0A8-B11112F3C96A}.Release|ARM.ActiveCfg = Release|Any CPU
		{30B817B7-F9E5-4162-A0A8-B11112F3C96A}.Release|ARM.Build.0 = Release|Any CPU
		{30B817B7-F9E5-4162-A0A8-B11112F3C96A}.Release|x64.ActiveCfg = Release|Any CPU
		{30B817B7-F9E5-4162-A0A8-B11112F3C96A}.Release|x64.Build.0 = Release|Any CPU
		{30B817B7-F9E5-4162-A0A8-B11112F3C96A}.Release|x86.ActiveCfg = Release|Any CPU
		{30B817B7-F9E5-4162-A0A8-B11112F3C96A}.Release|x86.Build.0 = Release|Any CPU
	EndGlobalSection
	GlobalSection(SolutionProperties) = preSolution
		HideSolutionNode = FALSE
	EndGlobalSection
	GlobalSection(ExtensibilityGlobals) = postSolution
		SolutionGuid = {D605A6C2-E74E-4269-B5FA-67983B385B47}
	EndGlobalSection
EndGlobal
